Microsoft Visual Studio Solution File, Format Version 11.00
# Visual Studio 2008

Project("{85319F76-A374-0B4E-879C-31E6BB731F2C}") = "GOL-Solution", "Assembly-CSharp.csproj", "{B87A1C16-FA1B-4C91-8D0D-F9149B9B6DEE}"
EndProject
Global
	GlobalSection(SolutionConfigurationPlatforms) = preSolution
		Debug|Any CPU = Debug|Any CPU
		Release|Any CPU = Release|Any CPU
	EndGlobalSection
	GlobalSection(ProjectConfigurationPlatforms) = postSolution
		{B87A1C16-FA1B-4C91-8D0D-F9149B9B6DEE}.Debug|Any CPU.ActiveCfg = Debug|Any CPU
		{B87A1C16-FA1B-4C91-8D0D-F9149B9B6DEE}.Debug|Any CPU.Build.0 = Debug|Any CPU
		{B87A1C16-FA1B-4C91-8D0D-F9149B9B6DEE}.Release|Any CPU.ActiveCfg = Release|Any CPU
		{B87A1C16-FA1B-4C91-8D0D-F9149B9B6DEE}.Release|Any CPU.Build.0 = Release|Any CPU
	EndGlobalSection
	GlobalSection(SolutionProperties) = preSolution
		HideSolutionNode = FALSE
	EndGlobalSection
	GlobalSection(MonoDevelopProperties) = preSolution
		StartupItem = Assembly-CSharp.csproj
	EndGlobalSection
EndGlobal
